// !$*UTF8*$!
{
	archiveVersion = 1;
	classes = {
	};
	objectVersion = 46;
	objects = {

/* Begin PBXBuildFile section */
		B9189064183942F200783F1A /* Default-568h@2x.png in Resources */ = {isa = PBXBuildFile; fileRef = B9189063183942F200783F1A /* Default-568h@2x.png */; };
		B98D31BA1838ABA00016CBFB /* Foundation.framework in Frameworks */ = {isa = PBXBuildFile; fileRef = B98D31B91838ABA00016CBFB /* Foundation.framework */; };
		B98D31BC1838ABA00016CBFB /* CoreGraphics.framework in Frameworks */ = {isa = PBXBuildFile; fileRef = B98D31BB1838ABA00016CBFB /* CoreGraphics.framework */; };
		B98D31BE1838ABA00016CBFB /* UIKit.framework in Frameworks */ = {isa = PBXBuildFile; fileRef = B98D31BD1838ABA00016CBFB /* UIKit.framework */; };
		B98D31C41838ABA00016CBFB /* InfoPlist.strings in Resources */ = {isa = PBXBuildFile; fileRef = B98D31C21838ABA00016CBFB /* InfoPlist.strings */; };
		B98D31C61838ABA00016CBFB /* main.m in Sources */ = {isa = PBXBuildFile; fileRef = B98D31C51838ABA00016CBFB /* main.m */; };
		B98D31CA1838ABA00016CBFB /* KAAppDelegate.m in Sources */ = {isa = PBXBuildFile; fileRef = B98D31C91838ABA00016CBFB /* KAAppDelegate.m */; };
		B98D31D31838ABA00016CBFB /* KAViewController.m in Sources */ = {isa = PBXBuildFile; fileRef = B98D31D21838ABA00016CBFB /* KAViewController.m */; };
		B98D330318392F3F0016CBFB /* KAPieChart.m in Sources */ = {isa = PBXBuildFile; fileRef = B98D330218392F3F0016CBFB /* KAPieChart.m */; };
		B98D3307183938C50016CBFB /* KAPieChartSlice.m in Sources */ = {isa = PBXBuildFile; fileRef = B98D3306183938C50016CBFB /* KAPieChartSlice.m */; };
/* End PBXBuildFile section */

/* Begin PBXFileReference section */
		B9189063183942F200783F1A /* Default-568h@2x.png */ = {isa = PBXFileReference; lastKnownFileType = image.png; path = "Default-568h@2x.png"; sourceTree = "<group>"; };
		B98D31B61838ABA00016CBFB /* KAPieChart.app */ = {isa = PBXFileReference; explicitFileType = wrapper.application; includeInIndex = 0; path = KAPieChart.app; sourceTree = BUILT_PRODUCTS_DIR; };
		B98D31B91838ABA00016CBFB /* Foundation.framework */ = {isa = PBXFileReference; lastKnownFileType = wrapper.framework; name = Foundation.framework; path = System/Library/Frameworks/Foundation.framework; sourceTree = SDKROOT; };
		B98D31BB1838ABA00016CBFB /* CoreGraphics.framework */ = {isa = PBXFileReference; lastKnownFileType = wrapper.framework; name = CoreGraphics.framework; path = System/Library/Frameworks/CoreGraphics.framework; sourceTree = SDKROOT; };
		B98D31BD1838ABA00016CBFB /* UIKit.framework */ = {isa = PBXFileReference; lastKnownFileType = wrapper.framework; name = UIKit.framework; path = System/Library/Frameworks/UIKit.framework; sourceTree = SDKROOT; };
		B98D31C11838ABA00016CBFB /* KAPieChart-Info.plist */ = {isa = PBXFileReference; lastKnownFileType = text.plist.xml; path = "KAPieChart-Info.plist"; sourceTree = "<group>"; };
		B98D31C31838ABA00016CBFB /* en */ = {isa = PBXFileReference; lastKnownFileType = text.plist.strings; name = en; path = en.lproj/InfoPlist.strings; sourceTree = "<group>"; };
		B98D31C51838ABA00016CBFB /* main.m */ = {isa = PBXFileReference; lastKnownFileType = sourcecode.c.objc; path = main.m; sourceTree = "<group>"; };
		B98D31C71838ABA00016CBFB /* KAPieChart-Prefix.pch */ = {isa = PBXFileReference; lastKnownFileType = sourcecode.c.h; path = "KAPieChart-Prefix.pch"; sourceTree = "<group>"; };
		B98D31C81838ABA00016CBFB /* KAAppDelegate.h */ = {isa = PBXFileReference; lastKnownFileType = sourcecode.c.h; path = KAAppDelegate.h; sourceTree = "<group>"; };
		B98D31C91838ABA00016CBFB /* KAAppDelegate.m */ = {isa = PBXFileReference; lastKnownFileType = sourcecode.c.objc; path = KAAppDelegate.m; sourceTree = "<group>"; };
		B98D31D11838ABA00016CBFB /* KAViewController.h */ = {isa = PBXFileReference; lastKnownFileType = sourcecode.c.h; path = KAViewController.h; sourceTree = "<group>"; };
		B98D31D21838ABA00016CBFB /* KAViewController.m */ = {isa = PBXFileReference; lastKnownFileType = sourcecode.c.objc; path = KAViewController.m; sourceTree = "<group>"; };
		B98D31DB1838ABA00016CBFB /* XCTest.framework */ = {isa = PBXFileReference; lastKnownFileType = wrapper.framework; name = XCTest.framework; path = Library/Frameworks/XCTest.framework; sourceTree = DEVELOPER_DIR; };
		B98D330118392F3F0016CBFB /* KAPieChart.h */ = {isa = PBXFileReference; fileEncoding = 4; lastKnownFileType = sourcecode.c.h; path = KAPieChart.h; sourceTree = "<group>"; };
		B98D330218392F3F0016CBFB /* KAPieChart.m */ = {isa = PBXFileReference; fileEncoding = 4; lastKnownFileType = sourcecode.c.objc; path = KAPieChart.m; sourceTree = "<group>"; };
		B98D3305183938C50016CBFB /* KAPieChartSlice.h */ = {isa = PBXFileReference; fileEncoding = 4; lastKnownFileType = sourcecode.c.h; path = KAPieChartSlice.h; sourceTree = "<group>"; };
		B98D3306183938C50016CBFB /* KAPieChartSlice.m */ = {isa = PBXFileReference; fileEncoding = 4; lastKnownFileType = sourcecode.c.objc; path = KAPieChartSlice.m; sourceTree = "<group>"; };
/* End PBXFileReference section */

/* Begin PBXFrameworksBuildPhase section */
		B98D31B31838ABA00016CBFB /* Frameworks */ = {
			isa = PBXFrameworksBuildPhase;
			buildActionMask = 2147483647;
			files = (
				B98D31BC1838ABA00016CBFB /* CoreGraphics.framework in Frameworks */,
				B98D31BE1838ABA00016CBFB /* UIKit.framework in Frameworks */,
				B98D31BA1838ABA00016CBFB /* Foundation.framework in Frameworks */,
			);
			runOnlyForDeploymentPostprocessing = 0;
		};
/* End PBXFrameworksBuildPhase section */

/* Begin PBXGroup section */
		B98D31AD1838ABA00016CBFB = {
			isa = PBXGroup;
			children = (
				B98D31BF1838ABA00016CBFB /* KAPieChart */,
				B98D31B81838ABA00016CBFB /* Frameworks */,
				B98D31B71838ABA00016CBFB /* Products */,
			);
			sourceTree = "<group>";
		};
		B98D31B71838ABA00016CBFB /* Products */ = {
			isa = PBXGroup;
			children = (
				B98D31B61838ABA00016CBFB /* KAPieChart.app */,
			);
			name = Products;
			sourceTree = "<group>";
		};
		B98D31B81838ABA00016CBFB /* Frameworks */ = {
			isa = PBXGroup;
			children = (
				B98D31B91838ABA00016CBFB /* Foundation.framework */,
				B98D31BB1838ABA00016CBFB /* CoreGraphics.framework */,
				B98D31BD1838ABA00016CBFB /* UIKit.framework */,
				B98D31DB1838ABA00016CBFB /* XCTest.framework */,
			);
			name = Frameworks;
			sourceTree = "<group>";
		};
		B98D31BF1838ABA00016CBFB /* KAPieChart */ = {
			isa = PBXGroup;
			children = (
				B98D33041839389C0016CBFB /* PieChartClasses */,
				B98D31C81838ABA00016CBFB /* KAAppDelegate.h */,
				B98D31C91838ABA00016CBFB /* KAAppDelegate.m */,
				B98D31D11838ABA00016CBFB /* KAViewController.h */,
				B98D31D21838ABA00016CBFB /* KAViewController.m */,
				B98D31C01838ABA00016CBFB /* Supporting Files */,
			);
			path = KAPieChart;
			sourceTree = "<group>";
		};
		B98D31C01838ABA00016CBFB /* Supporting Files */ = {
			isa = PBXGroup;
			children = (
				B9189063183942F200783F1A /* Default-568h@2x.png */,
				B98D31C11838ABA00016CBFB /* KAPieChart-Info.plist */,
				B98D31C21838ABA00016CBFB /* InfoPlist.strings */,
				B98D31C51838ABA00016CBFB /* main.m */,
				B98D31C71838ABA00016CBFB /* KAPieChart-Prefix.pch */,
			);
			name = "Supporting Files";
			sourceTree = "<group>";
		};
		B98D33041839389C0016CBFB /* PieChartClasses */ = {
			isa = PBXGroup;
			children = (
				B98D330118392F3F0016CBFB /* KAPieChart.h */,
				B98D330218392F3F0016CBFB /* KAPieChart.m */,
				B98D3305183938C50016CBFB /* KAPieChartSlice.h */,
				B98D3306183938C50016CBFB /* KAPieChartSlice.m */,
			);
			name = PieChartClasses;
			sourceTree = "<group>";
		};
/* End PBXGroup section */

/* Begin PBXNativeTarget section */
		B98D31B51838ABA00016CBFB /* KAPieChart */ = {
			isa = PBXNativeTarget;
			buildConfigurationList = B98D31EB1838ABA00016CBFB /* Build configuration list for PBXNativeTarget "KAPieChart" */;
			buildPhases = (
				B98D31B21838ABA00016CBFB /* Sources */,
				B98D31B31838ABA00016CBFB /* Frameworks */,
				B98D31B41838ABA00016CBFB /* Resources */,
			);
			buildRules = (
			);
			dependencies = (
			);
			name = KAPieChart;
			productName = KAPieChart;
			productReference = B98D31B61838ABA00016CBFB /* KAPieChart.app */;
			productType = "com.apple.product-type.application";
		};
/* End PBXNativeTarget section */

/* Begin PBXProject section */
		B98D31AE1838ABA00016CBFB /* Project object */ = {
			isa = PBXProject;
			attributes = {
				CLASSPREFIX = KA;
				LastUpgradeCheck = 0500;
				ORGANIZATIONNAME = "Kenneth Parker Ackerson";
			};
			buildConfigurationList = B98D31B11838ABA00016CBFB /* Build configuration list for PBXProject "KAPieChart" */;
			compatibilityVersion = "Xcode 3.2";
			developmentRegion = English;
			hasScannedForEncodings = 0;
			knownRegions = (
				en,
				Base,
			);
			mainGroup = B98D31AD1838ABA00016CBFB;
			productRefGroup = B98D31B71838ABA00016CBFB /* Products */;
			projectDirPath = "";
			projectRoot = "";
			targets = (
				B98D31B51838ABA00016CBFB /* KAPieChart */,
			);
		};
/* End PBXProject section */

/* Begin PBXResourcesBuildPhase section */
		B98D31B41838ABA00016CBFB /* Resources */ = {
			isa = PBXResourcesBuildPhase;
			buildActionMask = 2147483647;
			files = (
				B98D31C41838ABA00016CBFB /* InfoPlist.strings in Resources */,
				B9189064183942F200783F1A /* Default-568h@2x.png in Resources */,
			);
			runOnlyForDeploymentPostprocessing = 0;
		};
/* End PBXResourcesBuildPhase section */

/* Begin PBXSourcesBuildPhase section */
		B98D31B21838ABA00016CBFB /* Sources */ = {
			isa = PBXSourcesBuildPhase;
			buildActionMask = 2147483647;
			files = (
				B98D3307183938C50016CBFB /* KAPieChartSlice.m in Sources */,
				B98D31D31838ABA00016CBFB /* KAViewController.m in Sources */,
				B98D330318392F3F0016CBFB /* KAPieChart.m in Sources */,
				B98D31CA1838ABA00016CBFB /* KAAppDelegate.m in Sources */,
				B98D31C61838ABA00016CBFB /* main.m in Sources */,
			);
			runOnlyForDeploymentPostprocessing = 0;
		};
/* End PBXSourcesBuildPhase section */

/* Begin PBXVariantGroup section */
		B98D31C21838ABA00016CBFB /* InfoPlist.strings */ = {
			isa = PBXVariantGroup;
			children = (
				B98D31C31838ABA00016CBFB /* en */,
			);
			name = InfoPlist.strings;
			sourceTree = "<group>";
		};
/* End PBXVariantGroup section */

/* Begin XCBuildConfiguration section */
		B98D31E91838ABA00016CBFB /* Debug */ = {
			isa = XCBuildConfiguration;
			buildSettings = {
				ALWAYS_SEARCH_USER_PATHS = NO;
				ARCHS = "$(ARCHS_STANDARD_INCLUDING_64_BIT)";
				CLANG_CXX_LANGUAGE_STANDARD = "gnu++0x";
				CLANG_CXX_LIBRARY = "libc++";
				CLANG_ENABLE_MODULES = YES;
				CLANG_ENABLE_OBJC_ARC = YES;
				CLANG_WARN_BOOL_CONVERSION = YES;
				CLANG_WARN_CONSTANT_CONVERSION = YES;
				CLANG_WARN_DIRECT_OBJC_ISA_USAGE = YES_ERROR;
				CLANG_WARN_EMPTY_BODY = YES;
				CLANG_WARN_ENUM_CONVERSION = YES;
				CLANG_WARN_INT_CONVERSION = YES;
				CLANG_WARN_OBJC_ROOT_CLASS = YES_ERROR;
				CLANG_WARN__DUPLICATE_METHOD_MATCH = YES;
				"CODE_SIGN_IDENTITY[sdk=iphoneos*]" = "iPhone Developer";
				COPY_PHASE_STRIP = NO;
				GCC_C_LANGUAGE_STANDARD = gnu99;
				GCC_DYNAMIC_NO_PIC = NO;
				GCC_OPTIMIZATION_LEVEL = 0;
				GCC_PREPROCESSOR_DEFINITIONS = (
					"DEBUG=1",
					"$(inherited)",
				);
				GCC_SYMBOLS_PRIVATE_EXTERN = NO;
				GCC_WARN_64_TO_32_BIT_CONVERSION = YES;
				GCC_WARN_ABOUT_RETURN_TYPE = YES_ERROR;
				GCC_WARN_UNDECLARED_SELECTOR = YES;
				GCC_WARN_UNINITIALIZED_AUTOS = YES;
				GCC_WARN_UNUSED_FUNCTION = YES;
				GCC_WARN_UNUSED_VARIABLE = YES;
				IPHONEOS_DEPLOYMENT_TARGET = 6.0;
				ONLY_ACTIVE_ARCH = YES;
				SDKROOT = iphoneos;
				TARGETED_DEVICE_FAMILY = "1,2";
			};
			name = Debug;
		};
		B98D31EA1838ABA00016CBFB /* Release */ = {
			isa = XCBuildConfiguration;
			buildSettings = {
				ALWAYS_SEARCH_USER_PATHS = NO;
				ARCHS = "$(ARCHS_STANDARD_INCLUDING_64_BIT)";
				CLANG_CXX_LANGUAGE_STANDARD = "gnu++0x";
				CLANG_CXX_LIBRARY = "libc++";
				CLANG_ENABLE_MODULES = YES;
				CLANG_ENABLE_OBJC_ARC = YES;
				CLANG_WARN_BOOL_CONVERSION = YES;
				CLANG_WARN_CONSTANT_CONVERSION = YES;
				CLANG_WARN_DIRECT_OBJC_ISA_USAGE = YES_ERROR;
				CLANG_WARN_EMPTY_BODY = YES;
				CLANG_WARN_ENUM_CONVERSION = YES;
				CLANG_WARN_INT_CONVERSION = YES;
				CLANG_WARN_OBJC_ROOT_CLASS = YES_ERROR;
				CLANG_WARN__DUPLICATE_METHOD_MATCH = YES;
				"CODE_SIGN_IDENTITY[sdk=iphoneos*]" = "iPhone Developer";
				COPY_PHASE_STRIP = YES;
				ENABLE_NS_ASSERTIONS = NO;
				GCC_C_LANGUAGE_STANDARD = gnu99;
				GCC_WARN_64_TO_32_BIT_CONVERSION = YES;
				GCC_WARN_ABOUT_RETURN_TYPE = YES_ERROR;
				GCC_WARN_UNDECLARED_SELECTOR = YES;
				GCC_WARN_UNINITIALIZED_AUTOS = YES;
				GCC_WARN_UNUSED_FUNCTION = YES;
				GCC_WARN_UNUSED_VARIABLE = YES;
				IPHONEOS_DEPLOYMENT_TARGET = 6.0;
				SDKROOT = iphoneos;
				TARGETED_DEVICE_FAMILY = "1,2";
				VALIDATE_PRODUCT = YES;
			};
			name = Release;
		};
		B98D31EC1838ABA00016CBFB /* Debug */ = {
			isa = XCBuildConfiguration;
			buildSettings = {
				ASSETCATALOG_COMPILER_APPICON_NAME = AppIcon;
				ASSETCATALOG_COMPILER_LAUNCHIMAGE_NAME = LaunchImage;
				GCC_PRECOMPILE_PREFIX_HEADER = YES;
				GCC_PREFIX_HEADER = "KAPieChart/KAPieChart-Prefix.pch";
				INFOPLIST_FILE = "KAPieChart/KAPieChart-Info.plist";
				PRODUCT_NAME = "$(TARGET_NAME)";
				WRAPPER_EXTENSION = app;
			};
			name = Debug;
		};
		B98D31ED1838ABA00016CBFB /* Release */ = {
			isa = XCBuildConfiguration;
			buildSettings = {
				ASSETCATALOG_COMPILER_APPICON_NAME = AppIcon;
				ASSETCATALOG_COMPILER_LAUNCHIMAGE_NAME = LaunchImage;
				GCC_PRECOMPILE_PREFIX_HEADER = YES;
				GCC_PREFIX_HEADER = "KAPieChart/KAPieChart-Prefix.pch";
				INFOPLIST_FILE = "KAPieChart/KAPieChart-Info.plist";
				PRODUCT_NAME = "$(TARGET_NAME)";
				WRAPPER_EXTENSION = app;
			};
			name = Release;
		};
/* End XCBuildConfiguration section */

/* Begin XCConfigurationList section */
		B98D31B11838ABA00016CBFB /* Build configuration list for PBXProject "KAPieChart" */ = {
			isa = XCConfigurationList;
			buildConfigurations = (
				B98D31E91838ABA00016CBFB /* Debug */,
				B98D31EA1838ABA00016CBFB /* Release */,
			);
			defaultConfigurationIsVisible = 0;
			defaultConfigurationName = Release;
		};
		B98D31EB1838ABA00016CBFB /* Build configuration list for PBXNativeTarget "KAPieChart" */ = {
			isa = XCConfigurationList;
			buildConfigurations = (
				B98D31EC1838ABA00016CBFB /* Debug */,
				B98D31ED1838ABA00016CBFB /* Release */,
			);
			defaultConfigurationIsVisible = 0;
			defaultConfigurationName = Release;
		};
/* End XCConfigurationList section */
	};
	rootObject = B98D31AE1838ABA00016CBFB /* Project object */;
}
